
Microsoft Visual Studio Solution File, Format Version 12.00
# Visual Studio Version 17
VisualStudioVersion = 17.1.32210.238
MinimumVisualStudioVersion = 10.0.40219.1
Project("{FAE04EC0-301F-11D3-BF4B-00C04F79EFBC}") = "ProjetoPastelaria", "ProjetoPastelaria\ProjetoPastelaria.csproj", "{059AE6A3-F47C-4510-B759-AEDF7B8A00FF}"
EndProject
Global
	GlobalSection(SolutionConfigurationPlatforms) = preSolution
		Debug|Any CPU = Debug|Any CPU
		Release|Any CPU = Release|Any CPU
	EndGlobalSection
	GlobalSection(ProjectConfigurationPlatforms) = postSolution
		{059AE6A3-F47C-4510-B759-AEDF7B8A00FF}.Debug|Any CPU.ActiveCfg = Debug|Any CPU
		{059AE6A3-F47C-4510-B759-AEDF7B8A00FF}.Debug|Any CPU.Build.0 = Debug|Any CPU
		{059AE6A3-F47C-4510-B759-AEDF7B8A00FF}.Release|Any CPU.ActiveCfg = Release|Any CPU
		{059AE6A3-F47C-4510-B759-AEDF7B8A00FF}.Release|Any CPU.Build.0 = Release|Any CPU
	EndGlobalSection
	GlobalSection(SolutionProperties) = preSolution
		HideSolutionNode = FALSE
	EndGlobalSection
	GlobalSection(ExtensibilityGlobals) = postSolution
		SolutionGuid = {6654FE42-BD5C-420F-84E0-801E94258257}
	EndGlobalSection
EndGlobal
