
Microsoft Visual Studio Solution File, Format Version 12.00
# Visual Studio Version 17
VisualStudioVersion = 17.1.32210.238
MinimumVisualStudioVersion = 10.0.40219.1
Project("{FAE04EC0-301F-11D3-BF4B-00C04F79EFBC}") = "Projeto1", "Projeto1\Projeto1.csproj", "{D4DCB145-9C49-4865-AC11-B9226D6EB83F}"
EndProject
Global
	GlobalSection(SolutionConfigurationPlatforms) = preSolution
		Debug|Any CPU = Debug|Any CPU
		Release|Any CPU = Release|Any CPU
	EndGlobalSection
	GlobalSection(ProjectConfigurationPlatforms) = postSolution
		{D4DCB145-9C49-4865-AC11-B9226D6EB83F}.Debug|Any CPU.ActiveCfg = Debug|Any CPU
		{D4DCB145-9C49-4865-AC11-B9226D6EB83F}.Debug|Any CPU.Build.0 = Debug|Any CPU
		{D4DCB145-9C49-4865-AC11-B9226D6EB83F}.Release|Any CPU.ActiveCfg = Release|Any CPU
		{D4DCB145-9C49-4865-AC11-B9226D6EB83F}.Release|Any CPU.Build.0 = Release|Any CPU
	EndGlobalSection
	GlobalSection(SolutionProperties) = preSolution
		HideSolutionNode = FALSE
	EndGlobalSection
	GlobalSection(ExtensibilityGlobals) = postSolution
		SolutionGuid = {2AF023BE-A0B4-431D-A3C9-1BA5B58B8B70}
	EndGlobalSection
EndGlobal
